
Microsoft Visual Studio Solution File, Format Version 12.00
# Visual Studio Version 16
VisualStudioVersion = 16.0.31911.196
MinimumVisualStudioVersion = 10.0.40219.1
Project("{FAE04EC0-301F-11D3-BF4B-00C04F79EFBC}") = "GestionnaireVideothequeApp", "GestionnaireVideothequeApp\GestionnaireVideothequeApp.csproj", "{CAC0B9CF-7AEA-4818-A2ED-76E28FCAE5C0}"
EndProject
Global
	GlobalSection(SolutionConfigurationPlatforms) = preSolution
		Debug|Any CPU = Debug|Any CPU
		Release|Any CPU = Release|Any CPU
	EndGlobalSection
	GlobalSection(ProjectConfigurationPlatforms) = postSolution
		{CAC0B9CF-7AEA-4818-A2ED-76E28FCAE5C0}.Debug|Any CPU.ActiveCfg = Debug|Any CPU
		{CAC0B9CF-7AEA-4818-A2ED-76E28FCAE5C0}.Debug|Any CPU.Build.0 = Debug|Any CPU
		{CAC0B9CF-7AEA-4818-A2ED-76E28FCAE5C0}.Release|Any CPU.ActiveCfg = Release|Any CPU
		{CAC0B9CF-7AEA-4818-A2ED-76E28FCAE5C0}.Release|Any CPU.Build.0 = Release|Any CPU
	EndGlobalSection
	GlobalSection(SolutionProperties) = preSolution
		HideSolutionNode = FALSE
	EndGlobalSection
	GlobalSection(ExtensibilityGlobals) = postSolution
		SolutionGuid = {EB403C96-2107-4E9D-BB8B-04D98E0FBFA6}
	EndGlobalSection
EndGlobal
